
Microsoft Visual Studio Solution File, Format Version 12.00
Project("{FAE04EC0-301F-11D3-BF4B-00C04F79EFBC}") = "apbd03", "apbd03\apbd03.csproj", "{9C7DCC6E-B032-433B-89F6-3A2ADE647838}"
EndProject
Global
	GlobalSection(SolutionConfigurationPlatforms) = preSolution
		Debug|Any CPU = Debug|Any CPU
		Release|Any CPU = Release|Any CPU
	EndGlobalSection
	GlobalSection(ProjectConfigurationPlatforms) = postSolution
		{9C7DCC6E-B032-433B-89F6-3A2ADE647838}.Debug|Any CPU.ActiveCfg = Debug|Any CPU
		{9C7DCC6E-B032-433B-89F6-3A2ADE647838}.Debug|Any CPU.Build.0 = Debug|Any CPU
		{9C7DCC6E-B032-433B-89F6-3A2ADE647838}.Release|Any CPU.ActiveCfg = Release|Any CPU
		{9C7DCC6E-B032-433B-89F6-3A2ADE647838}.Release|Any CPU.Build.0 = Release|Any CPU
	EndGlobalSection
EndGlobal
